
Microsoft Visual Studio Solution File, Format Version 12.00
# Visual Studio 15
VisualStudioVersion = 15.0.27703.2035
MinimumVisualStudioVersion = 10.0.40219.1
Project("{9A19103F-16F7-4668-BE54-9A1E7A4F7556}") = "ERP.Ramos.Domain", "src\ERP.Ramos.Domain\ERP.Ramos.Domain.csproj", "{AD572BD7-5911-44B8-B40B-D48FB7865C88}"
EndProject
Project("{9A19103F-16F7-4668-BE54-9A1E7A4F7556}") = "ERP.Ramos.Infra", "src\ERP.Ramos.Infra\ERP.Ramos.Infra.csproj", "{276FCD80-CB0F-4EF0-AB19-987E1F29C09C}"
EndProject
Project("{9A19103F-16F7-4668-BE54-9A1E7A4F7556}") = "ERP.Ramos.Shared", "src\ERP.Ramos.Shared\ERP.Ramos.Shared.csproj", "{3B4579C2-B5F9-41FE-AEE1-E21FCF21BC4C}"
EndProject
Project("{FAE04EC0-301F-11D3-BF4B-00C04F79EFBC}") = "ERP.Ramos.Api", "src\ERP.Ramos.Api\ERP.Ramos.Api.csproj", "{C9476832-A36C-4799-9AF3-D4E4CA41C5F8}"
EndProject
Global
	GlobalSection(SolutionConfigurationPlatforms) = preSolution
		Debug|Any CPU = Debug|Any CPU
		Release|Any CPU = Release|Any CPU
	EndGlobalSection
	GlobalSection(ProjectConfigurationPlatforms) = postSolution
		{AD572BD7-5911-44B8-B40B-D48FB7865C88}.Debug|Any CPU.ActiveCfg = Debug|Any CPU
		{AD572BD7-5911-44B8-B40B-D48FB7865C88}.Debug|Any CPU.Build.0 = Debug|Any CPU
		{AD572BD7-5911-44B8-B40B-D48FB7865C88}.Release|Any CPU.ActiveCfg = Release|Any CPU
		{AD572BD7-5911-44B8-B40B-D48FB7865C88}.Release|Any CPU.Build.0 = Release|Any CPU
		{276FCD80-CB0F-4EF0-AB19-987E1F29C09C}.Debug|Any CPU.ActiveCfg = Debug|Any CPU
		{276FCD80-CB0F-4EF0-AB19-987E1F29C09C}.Debug|Any CPU.Build.0 = Debug|Any CPU
		{276FCD80-CB0F-4EF0-AB19-987E1F29C09C}.Release|Any CPU.ActiveCfg = Release|Any CPU
		{276FCD80-CB0F-4EF0-AB19-987E1F29C09C}.Release|Any CPU.Build.0 = Release|Any CPU
		{3B4579C2-B5F9-41FE-AEE1-E21FCF21BC4C}.Debug|Any CPU.ActiveCfg = Debug|Any CPU
		{3B4579C2-B5F9-41FE-AEE1-E21FCF21BC4C}.Debug|Any CPU.Build.0 = Debug|Any CPU
		{3B4579C2-B5F9-41FE-AEE1-E21FCF21BC4C}.Release|Any CPU.ActiveCfg = Release|Any CPU
		{3B4579C2-B5F9-41FE-AEE1-E21FCF21BC4C}.Release|Any CPU.Build.0 = Release|Any CPU
		{C9476832-A36C-4799-9AF3-D4E4CA41C5F8}.Debug|Any CPU.ActiveCfg = Debug|Any CPU
		{C9476832-A36C-4799-9AF3-D4E4CA41C5F8}.Debug|Any CPU.Build.0 = Debug|Any CPU
		{C9476832-A36C-4799-9AF3-D4E4CA41C5F8}.Release|Any CPU.ActiveCfg = Release|Any CPU
		{C9476832-A36C-4799-9AF3-D4E4CA41C5F8}.Release|Any CPU.Build.0 = Release|Any CPU
	EndGlobalSection
	GlobalSection(SolutionProperties) = preSolution
		HideSolutionNode = FALSE
	EndGlobalSection
	GlobalSection(ExtensibilityGlobals) = postSolution
		SolutionGuid = {F600B9C7-A35C-4DBC-AFB9-04A4CF24CC50}
	EndGlobalSection
EndGlobal
